NeoBundleLock DrawIt 4e824fc939cec81dc2a8f4d91aaeb6151d1cc140
NeoBundleLock YouCompleteMe 65cc309421b199a2bde68b97105537d5c489d401
NeoBundleLock a.vim 2cbe946206ec622d9d8cf2c99317f204c4d41885
NeoBundleLock closetag.vim a52525b7220bb28309d1905108e9e8914fdb4112
NeoBundleLock ctrlsf.vim 9f741c8a2fd4a29e30e8b68b77caa6f93a502322
NeoBundleLock dash.vim f74a0a3e6eaa3134ad06610f73658509952dd66e
NeoBundleLock delimitMate 8bc47fd1c40cdad9ea1f36c0cf13592c70ea65e9
NeoBundleLock emmet-vim 451367a2ce2c964d70ba326a253905e2a5373d23
NeoBundleLock gundo.vim 3975ac871565115e3769dc69c06bc88ddc1369af
NeoBundleLock markdown-preview.vim 04e1aa374c91e1e55b08cfe89ddb3b3e87c3ef88
NeoBundleLock minibufexpl.vim ad72976ca3df4585d49aa296799f14f3b34cf953
NeoBundleLock neobundle.vim c2ac00894734e9cd3da53f676582f08b51903cf5
NeoBundleLock nerdcommenter 1f4bfd59920c101a30a74a07b824608a6e65f3fe
NeoBundleLock nerdtree b4fa33c39c3317ef8475c3c831360766708af920
NeoBundleLock promela.vim 294d5413b1704b43a4ad7c30215cf5017447f9b2
NeoBundleLock syntastic cd40fe97519dc798c1b3e31eb9741d3d60fee17c
NeoBundleLock ultisnips ef72df8e782b1b0b82189dfea949547b330fb215
NeoBundleLock vim-airline 14d14cf951c08fc88ca6c3e6f28fe47b99421e23
NeoBundleLock vim-better-whitespace c77ffda02d818e6f15d488ef96b11912a44e9285
NeoBundleLock vim-ctrlspace 61204ac622de44c562b30d03b823400063eba408
NeoBundleLock vim-easyclip 313e225dcd3c86704dca708dbc592b71c3fad343
NeoBundleLock vim-easymotion a21d4474f0e9df7a721246e0a3b386068901965f
NeoBundleLock vim-gitgutter bcb601acd2b0b6376cb6a1ca623414663f643306
NeoBundleLock vim-indent-guides 49bde6fa30648345ffabfe55b3a095a293568a2e
NeoBundleLock vim-latex-live-preview 7695dd4ebddb735bec632d468e2202d070029cb8
NeoBundleLock vim-multiple-cursors 73a78c926ad208bd1984e575ceece276d61a1404
NeoBundleLock vim-repeat 7a6675f092842c8f81e71d5345bd7cdbf3759415
NeoBundleLock vim-snippets 413b3507fb280aff90add9b1acbb3c49b2d6873d
NeoBundleLock vim-surround 2d05440ad23f97a7874ebd9b5de3a0e65d25d85c
NeoBundleLock vimtex c3651839526f9e01fa75f797751de58637e0ca0b
